// !$*UTF8*$!
{
	archiveVersion = 1;
	classes = {
	};
	objectVersion = 46;
	objects = {

/* Begin PBXBuildFile section */
		9A97F07E1AB365790099706B /* main.m in Sources */ = {isa = PBXBuildFile; fileRef = 9A97F07D1AB365790099706B /* main.m */; };
		9A97F0811AB365790099706B /* AppDelegate.m in Sources */ = {isa = PBXBuildFile; fileRef = 9A97F0801AB365790099706B /* AppDelegate.m */; };
		9A97F0841AB365790099706B /* ViewController.m in Sources */ = {isa = PBXBuildFile; fileRef = 9A97F0831AB365790099706B /* ViewController.m */; };
		9A97F0871AB365790099706B /* Main.storyboard in Resources */ = {isa = PBXBuildFile; fileRef = 9A97F0851AB365790099706B /* Main.storyboard */; };
		9A97F0891AB365790099706B /* Images.xcassets in Resources */ = {isa = PBXBuildFile; fileRef = 9A97F0881AB365790099706B /* Images.xcassets */; };
		9A97F08C1AB365790099706B /* LaunchScreen.xib in Resources */ = {isa = PBXBuildFile; fileRef = 9A97F08A1AB365790099706B /* LaunchScreen.xib */; };
		9A97F0981AB365790099706B /* dumbshitTests.m in Sources */ = {isa = PBXBuildFile; fileRef = 9A97F0971AB365790099706B /* dumbshitTests.m */; };
/* End PBXBuildFile section */

/* Begin PBXContainerItemProxy section */
		9A97F0921AB365790099706B /* PBXContainerItemProxy */ = {
			isa = PBXContainerItemProxy;
			containerPortal = 9A97F0701AB365790099706B /* Project object */;
			proxyType = 1;
			remoteGlobalIDString = 9A97F0771AB365790099706B;
			remoteInfo = dumbshit;
		};
/* End PBXContainerItemProxy section */

/* Begin PBXFileReference section */
		9A97F0781AB365790099706B /* dumbshit.app */ = {isa = PBXFileReference; explicitFileType = wrapper.application; includeInIndex = 0; path = dumbshit.app; sourceTree = BUILT_PRODUCTS_DIR; };
		9A97F07C1AB365790099706B /* Info.plist */ = {isa = PBXFileReference; lastKnownFileType = text.plist.xml; path = Info.plist; sourceTree = "<group>"; };
		9A97F07D1AB365790099706B /* main.m */ = {isa = PBXFileReference; lastKnownFileType = sourcecode.c.objc; path = main.m; sourceTree = "<group>"; };
		9A97F07F1AB365790099706B /* AppDelegate.h */ = {isa = PBXFileReference; lastKnownFileType = sourcecode.c.h; path = AppDelegate.h; sourceTree = "<group>"; };
		9A97F0801AB365790099706B /* AppDelegate.m */ = {isa = PBXFileReference; lastKnownFileType = sourcecode.c.objc; path = AppDelegate.m; sourceTree = "<group>"; };
		9A97F0821AB365790099706B /* ViewController.h */ = {isa = PBXFileReference; lastKnownFileType = sourcecode.c.h; path = ViewController.h; sourceTree = "<group>"; };
		9A97F0831AB365790099706B /* ViewController.m */ = {isa = PBXFileReference; lastKnownFileType = sourcecode.c.objc; path = ViewController.m; sourceTree = "<group>"; };
		9A97F0861AB365790099706B /* Base */ = {isa = PBXFileReference; lastKnownFileType = file.storyboard; name = Base; path = Base.lproj/Main.storyboard; sourceTree = "<group>"; };
		9A97F0881AB365790099706B /* Images.xcassets */ = {isa = PBXFileReference; lastKnownFileType = folder.assetcatalog; path = Images.xcassets; sourceTree = "<group>"; };
		9A97F08B1AB365790099706B /* Base */ = {isa = PBXFileReference; lastKnownFileType = file.xib; name = Base; path = Base.lproj/LaunchScreen.xib; sourceTree = "<group>"; };
		9A97F0911AB365790099706B /* dumbshitTests.xctest */ = {isa = PBXFileReference; explicitFileType = wrapper.cfbundle; includeInIndex = 0; path = dumbshitTests.xctest; sourceTree = BUILT_PRODUCTS_DIR; };
		9A97F0961AB365790099706B /* Info.plist */ = {isa = PBXFileReference; lastKnownFileType = text.plist.xml; path = Info.plist; sourceTree = "<group>"; };
		9A97F0971AB365790099706B /* dumbshitTests.m */ = {isa = PBXFileReference; lastKnownFileType = sourcecode.c.objc; path = dumbshitTests.m; sourceTree = "<group>"; };
/* End PBXFileReference section */

/* Begin PBXFrameworksBuildPhase section */
		9A97F0751AB365790099706B /* Frameworks */ = {
			isa = PBXFrameworksBuildPhase;
			buildActionMask = 2147483647;
			files = (
			);
			runOnlyForDeploymentPostprocessing = 0;
		};
		9A97F08E1AB365790099706B /* Frameworks */ = {
			isa = PBXFrameworksBuildPhase;
			buildActionMask = 2147483647;
			files = (
			);
			runOnlyForDeploymentPostprocessing = 0;
		};
/* End PBXFrameworksBuildPhase section */

/* Begin PBXGroup section */
		9A97F06F1AB365790099706B = {
			isa = PBXGroup;
			children = (
				9A97F07A1AB365790099706B /* dumbshit */,
				9A97F0941AB365790099706B /* dumbshitTests */,
				9A97F0791AB365790099706B /* Products */,
			);
			sourceTree = "<group>";
		};
		9A97F0791AB365790099706B /* Products */ = {
			isa = PBXGroup;
			children = (
				9A97F0781AB365790099706B /* dumbshit.app */,
				9A97F0911AB365790099706B /* dumbshitTests.xctest */,
			);
			name = Products;
			sourceTree = "<group>";
		};
		9A97F07A1AB365790099706B /* dumbshit */ = {
			isa = PBXGroup;
			children = (
				9A97F07F1AB365790099706B /* AppDelegate.h */,
				9A97F0801AB365790099706B /* AppDelegate.m */,
				9A97F0821AB365790099706B /* ViewController.h */,
				9A97F0831AB365790099706B /* ViewController.m */,
				9A97F0851AB365790099706B /* Main.storyboard */,
				9A97F0881AB365790099706B /* Images.xcassets */,
				9A97F08A1AB365790099706B /* LaunchScreen.xib */,
				9A97F07B1AB365790099706B /* Supporting Files */,
			);
			path = dumbshit;
			sourceTree = "<group>";
		};
		9A97F07B1AB365790099706B /* Supporting Files */ = {
			isa = PBXGroup;
			children = (
				9A97F07C1AB365790099706B /* Info.plist */,
				9A97F07D1AB365790099706B /* main.m */,
			);
			name = "Supporting Files";
			sourceTree = "<group>";
		};
		9A97F0941AB365790099706B /* dumbshitTests */ = {
			isa = PBXGroup;
			children = (
				9A97F0971AB365790099706B /* dumbshitTests.m */,
				9A97F0951AB365790099706B /* Supporting Files */,
			);
			path = dumbshitTests;
			sourceTree = "<group>";
		};
		9A97F0951AB365790099706B /* Supporting Files */ = {
			isa = PBXGroup;
			children = (
				9A97F0961AB365790099706B /* Info.plist */,
			);
			name = "Supporting Files";
			sourceTree = "<group>";
		};
/* End PBXGroup section */

/* Begin PBXNativeTarget section */
		9A97F0771AB365790099706B /* dumbshit */ = {
			isa = PBXNativeTarget;
			buildConfigurationList = 9A97F09B1AB365790099706B /* Build configuration list for PBXNativeTarget "dumbshit" */;
			buildPhases = (
				9A97F0741AB365790099706B /* Sources */,
				9A97F0751AB365790099706B /* Frameworks */,
				9A97F0761AB365790099706B /* Resources */,
			);
			buildRules = (
			);
			dependencies = (
			);
			name = dumbshit;
			productName = dumbshit;
			productReference = 9A97F0781AB365790099706B /* dumbshit.app */;
			productType = "com.apple.product-type.application";
		};
		9A97F0901AB365790099706B /* dumbshitTests */ = {
			isa = PBXNativeTarget;
			buildConfigurationList = 9A97F09E1AB365790099706B /* Build configuration list for PBXNativeTarget "dumbshitTests" */;
			buildPhases = (
				9A97F08D1AB365790099706B /* Sources */,
				9A97F08E1AB365790099706B /* Frameworks */,
				9A97F08F1AB365790099706B /* Resources */,
			);
			buildRules = (
			);
			dependencies = (
				9A97F0931AB365790099706B /* PBXTargetDependency */,
			);
			name = dumbshitTests;
			productName = dumbshitTests;
			productReference = 9A97F0911AB365790099706B /* dumbshitTests.xctest */;
			productType = "com.apple.product-type.bundle.unit-test";
		};
/* End PBXNativeTarget section */

/* Begin PBXProject section */
		9A97F0701AB365790099706B /* Project object */ = {
			isa = PBXProject;
			attributes = {
				LastUpgradeCheck = 0610;
				ORGANIZATIONNAME = ActSoft;
				TargetAttributes = {
					9A97F0771AB365790099706B = {
						CreatedOnToolsVersion = 6.1.1;
					};
					9A97F0901AB365790099706B = {
						CreatedOnToolsVersion = 6.1.1;
						TestTargetID = 9A97F0771AB365790099706B;
					};
				};
			};
			buildConfigurationList = 9A97F0731AB365790099706B /* Build configuration list for PBXProject "dumbshit" */;
			compatibilityVersion = "Xcode 3.2";
			developmentRegion = English;
			hasScannedForEncodings = 0;
			knownRegions = (
				en,
				Base,
			);
			mainGroup = 9A97F06F1AB365790099706B;
			productRefGroup = 9A97F0791AB365790099706B /* Products */;
			projectDirPath = "";
			projectRoot = "";
			targets = (
				9A97F0771AB365790099706B /* dumbshit */,
				9A97F0901AB365790099706B /* dumbshitTests */,
			);
		};
/* End PBXProject section */

/* Begin PBXResourcesBuildPhase section */
		9A97F0761AB365790099706B /* Resources */ = {
			isa = PBXResourcesBuildPhase;
			buildActionMask = 2147483647;
			files = (
				9A97F0871AB365790099706B /* Main.storyboard in Resources */,
				9A97F08C1AB365790099706B /* LaunchScreen.xib in Resources */,
				9A97F0891AB365790099706B /* Images.xcassets in Resources */,
			);
			runOnlyForDeploymentPostprocessing = 0;
		};
		9A97F08F1AB365790099706B /* Resources */ = {
			isa = PBXResourcesBuildPhase;
			buildActionMask = 2147483647;
			files = (
			);
			runOnlyForDeploymentPostprocessing = 0;
		};
/* End PBXResourcesBuildPhase section */

/* Begin PBXSourcesBuildPhase section */
		9A97F0741AB365790099706B /* Sources */ = {
			isa = PBXSourcesBuildPhase;
			buildActionMask = 2147483647;
			files = (
				9A97F0841AB365790099706B /* ViewController.m in Sources */,
				9A97F0811AB365790099706B /* AppDelegate.m in Sources */,
				9A97F07E1AB365790099706B /* main.m in Sources */,
			);
			runOnlyForDeploymentPostprocessing = 0;
		};
		9A97F08D1AB365790099706B /* Sources */ = {
			isa = PBXSourcesBuildPhase;
			buildActionMask = 2147483647;
			files = (
				9A97F0981AB365790099706B /* dumbshitTests.m in Sources */,
			);
			runOnlyForDeploymentPostprocessing = 0;
		};
/* End PBXSourcesBuildPhase section */

/* Begin PBXTargetDependency section */
		9A97F0931AB365790099706B /* PBXTargetDependency */ = {
			isa = PBXTargetDependency;
			target = 9A97F0771AB365790099706B /* dumbshit */;
			targetProxy = 9A97F0921AB365790099706B /* PBXContainerItemProxy */;
		};
/* End PBXTargetDependency section */

/* Begin PBXVariantGroup section */
		9A97F0851AB365790099706B /* Main.storyboard */ = {
			isa = PBXVariantGroup;
			children = (
				9A97F0861AB365790099706B /* Base */,
			);
			name = Main.storyboard;
			sourceTree = "<group>";
		};
		9A97F08A1AB365790099706B /* LaunchScreen.xib */ = {
			isa = PBXVariantGroup;
			children = (
				9A97F08B1AB365790099706B /* Base */,
			);
			name = LaunchScreen.xib;
			sourceTree = "<group>";
		};
/* End PBXVariantGroup section */

/* Begin XCBuildConfiguration section */
		9A97F0991AB365790099706B /* Debug */ = {
			isa = XCBuildConfiguration;
			buildSettings = {
				ALWAYS_SEARCH_USER_PATHS = NO;
				CLANG_CXX_LANGUAGE_STANDARD = "gnu++0x";
				CLANG_CXX_LIBRARY = "libc++";
				CLANG_ENABLE_MODULES = YES;
				CLANG_ENABLE_OBJC_ARC = YES;
				CLANG_WARN_BOOL_CONVERSION = YES;
				CLANG_WARN_CONSTANT_CONVERSION = YES;
				CLANG_WARN_DIRECT_OBJC_ISA_USAGE = YES_ERROR;
				CLANG_WARN_EMPTY_BODY = YES;
				CLANG_WARN_ENUM_CONVERSION = YES;
				CLANG_WARN_INT_CONVERSION = YES;
				CLANG_WARN_OBJC_ROOT_CLASS = YES_ERROR;
				CLANG_WARN_UNREACHABLE_CODE = YES;
				CLANG_WARN__DUPLICATE_METHOD_MATCH = YES;
				"CODE_SIGN_IDENTITY[sdk=iphoneos*]" = "iPhone Developer";
				COPY_PHASE_STRIP = NO;
				ENABLE_STRICT_OBJC_MSGSEND = YES;
				GCC_C_LANGUAGE_STANDARD = gnu99;
				GCC_DYNAMIC_NO_PIC = NO;
				GCC_OPTIMIZATION_LEVEL = 0;
				GCC_PREPROCESSOR_DEFINITIONS = (
					"DEBUG=1",
					"$(inherited)",
				);
				GCC_SYMBOLS_PRIVATE_EXTERN = NO;
				GCC_WARN_64_TO_32_BIT_CONVERSION = YES;
				GCC_WARN_ABOUT_RETURN_TYPE = YES_ERROR;
				GCC_WARN_UNDECLARED_SELECTOR = YES;
				GCC_WARN_UNINITIALIZED_AUTOS = YES_AGGRESSIVE;
				GCC_WARN_UNUSED_FUNCTION = YES;
				GCC_WARN_UNUSED_VARIABLE = YES;
				IPHONEOS_DEPLOYMENT_TARGET = 8.1;
				MTL_ENABLE_DEBUG_INFO = YES;
				ONLY_ACTIVE_ARCH = YES;
				SDKROOT = iphoneos;
			};
			name = Debug;
		};
		9A97F09A1AB365790099706B /* Release */ = {
			isa = XCBuildConfiguration;
			buildSettings = {
				ALWAYS_SEARCH_USER_PATHS = NO;
				CLANG_CXX_LANGUAGE_STANDARD = "gnu++0x";
				CLANG_CXX_LIBRARY = "libc++";
				CLANG_ENABLE_MODULES = YES;
				CLANG_ENABLE_OBJC_ARC = YES;
				CLANG_WARN_BOOL_CONVERSION = YES;
				CLANG_WARN_CONSTANT_CONVERSION = YES;
				CLANG_WARN_DIRECT_OBJC_ISA_USAGE = YES_ERROR;
				CLANG_WARN_EMPTY_BODY = YES;
				CLANG_WARN_ENUM_CONVERSION = YES;
				CLANG_WARN_INT_CONVERSION = YES;
				CLANG_WARN_OBJC_ROOT_CLASS = YES_ERROR;
				CLANG_WARN_UNREACHABLE_CODE = YES;
				CLANG_WARN__DUPLICATE_METHOD_MATCH = YES;
				"CODE_SIGN_IDENTITY[sdk=iphoneos*]" = "iPhone Developer";
				COPY_PHASE_STRIP = YES;
				ENABLE_NS_ASSERTIONS = NO;
				ENABLE_STRICT_OBJC_MSGSEND = YES;
				GCC_C_LANGUAGE_STANDARD = gnu99;
				GCC_WARN_64_TO_32_BIT_CONVERSION = YES;
				GCC_WARN_ABOUT_RETURN_TYPE = YES_ERROR;
				GCC_WARN_UNDECLARED_SELECTOR = YES;
				GCC_WARN_UNINITIALIZED_AUTOS = YES_AGGRESSIVE;
				GCC_WARN_UNUSED_FUNCTION = YES;
				GCC_WARN_UNUSED_VARIABLE = YES;
				IPHONEOS_DEPLOYMENT_TARGET = 8.1;
				MTL_ENABLE_DEBUG_INFO = NO;
				SDKROOT = iphoneos;
				VALIDATE_PRODUCT = YES;
			};
			name = Release;
		};
		9A97F09C1AB365790099706B /* Debug */ = {
			isa = XCBuildConfiguration;
			buildSettings = {
				ASSETCATALOG_COMPILER_APPICON_NAME = AppIcon;
				INFOPLIST_FILE = dumbshit/Info.plist;
				LD_RUNPATH_SEARCH_PATHS = "$(inherited) @executable_path/Frameworks";
				PRODUCT_NAME = "$(TARGET_NAME)";
			};
			name = Debug;
		};
		9A97F09D1AB365790099706B /* Release */ = {
			isa = XCBuildConfiguration;
			buildSettings = {
				ASSETCATALOG_COMPILER_APPICON_NAME = AppIcon;
				INFOPLIST_FILE = dumbshit/Info.plist;
				LD_RUNPATH_SEARCH_PATHS = "$(inherited) @executable_path/Frameworks";
				PRODUCT_NAME = "$(TARGET_NAME)";
			};
			name = Release;
		};
		9A97F09F1AB365790099706B /* Debug */ = {
			isa = XCBuildConfiguration;
			buildSettings = {
				BUNDLE_LOADER = "$(TEST_HOST)";
				FRAMEWORK_SEARCH_PATHS = (
					"$(SDKROOT)/Developer/Library/Frameworks",
					"$(inherited)",
				);
				GCC_PREPROCESSOR_DEFINITIONS = (
					"DEBUG=1",
					"$(inherited)",
				);
				INFOPLIST_FILE = dumbshitTests/Info.plist;
				LD_RUNPATH_SEARCH_PATHS = "$(inherited) @executable_path/Frameworks @loader_path/Frameworks";
				PRODUCT_NAME = "$(TARGET_NAME)";
				TEST_HOST = "$(BUILT_PRODUCTS_DIR)/dumbshit.app/dumbshit";
			};
			name = Debug;
		};
		9A97F0A01AB365790099706B /* Release */ = {
			isa = XCBuildConfiguration;
			buildSettings = {
				BUNDLE_LOADER = "$(TEST_HOST)";
				FRAMEWORK_SEARCH_PATHS = (
					"$(SDKROOT)/Developer/Library/Frameworks",
					"$(inherited)",
				);
				INFOPLIST_FILE = dumbshitTests/Info.plist;
				LD_RUNPATH_SEARCH_PATHS = "$(inherited) @executable_path/Frameworks @loader_path/Frameworks";
				PRODUCT_NAME = "$(TARGET_NAME)";
				TEST_HOST = "$(BUILT_PRODUCTS_DIR)/dumbshit.app/dumbshit";
			};
			name = Release;
		};
/* End XCBuildConfiguration section */

/* Begin XCConfigurationList section */
		9A97F0731AB365790099706B /* Build configuration list for PBXProject "dumbshit" */ = {
			isa = XCConfigurationList;
			buildConfigurations = (
				9A97F0991AB365790099706B /* Debug */,
				9A97F09A1AB365790099706B /* Release */,
			);
			defaultConfigurationIsVisible = 0;
			defaultConfigurationName = Release;
		};
		9A97F09B1AB365790099706B /* Build configuration list for PBXNativeTarget "dumbshit" */ = {
			isa = XCConfigurationList;
			buildConfigurations = (
				9A97F09C1AB365790099706B /* Debug */,
				9A97F09D1AB365790099706B /* Release */,
			);
			defaultConfigurationIsVisible = 0;
		};
		9A97F09E1AB365790099706B /* Build configuration list for PBXNativeTarget "dumbshitTests" */ = {
			isa = XCConfigurationList;
			buildConfigurations = (
				9A97F09F1AB365790099706B /* Debug */,
				9A97F0A01AB365790099706B /* Release */,
			);
			defaultConfigurationIsVisible = 0;
		};
/* End XCConfigurationList section */
	};
	rootObject = 9A97F0701AB365790099706B /* Project object */;
}
